
Microsoft Visual Studio Solution File, Format Version 12.00
# Visual Studio Version 17
VisualStudioVersion = 17.13.35825.156 d17.13
MinimumVisualStudioVersion = 10.0.40219.1
Project("{FAE04EC0-301F-11D3-BF4B-00C04F79EFBC}") = "IF-ELSE 1", "IF-ELSE 1\IF-ELSE 1.csproj", "{7272ABAB-5398-40DC-9B5A-D2A17939A3B5}"
EndProject
Global
	GlobalSection(SolutionConfigurationPlatforms) = preSolution
		Debug|Any CPU = Debug|Any CPU
		Release|Any CPU = Release|Any CPU
	EndGlobalSection
	GlobalSection(ProjectConfigurationPlatforms) = postSolution
		{7272ABAB-5398-40DC-9B5A-D2A17939A3B5}.Debug|Any CPU.ActiveCfg = Debug|Any CPU
		{7272ABAB-5398-40DC-9B5A-D2A17939A3B5}.Debug|Any CPU.Build.0 = Debug|Any CPU
		{7272ABAB-5398-40DC-9B5A-D2A17939A3B5}.Release|Any CPU.ActiveCfg = Release|Any CPU
		{7272ABAB-5398-40DC-9B5A-D2A17939A3B5}.Release|Any CPU.Build.0 = Release|Any CPU
	EndGlobalSection
	GlobalSection(SolutionProperties) = preSolution
		HideSolutionNode = FALSE
	EndGlobalSection
	GlobalSection(ExtensibilityGlobals) = postSolution
		SolutionGuid = {02C1A5AA-897D-4751-9956-7AC748C1C287}
	EndGlobalSection
EndGlobal
