
Microsoft Visual Studio Solution File, Format Version 12.00
# Visual Studio Version 17
VisualStudioVersion = 17.12.35527.113 d17.12
MinimumVisualStudioVersion = 10.0.40219.1
Project("{FAE04EC0-301F-11D3-BF4B-00C04F79EFBC}") = "FIT_ACADEMIA", "FIT_ACADEMIA.csproj", "{99E1ECE9-0692-4068-B89D-FD90A0DED4D4}"
EndProject
Global
	GlobalSection(SolutionConfigurationPlatforms) = preSolution
		Debug|Any CPU = Debug|Any CPU
		Release|Any CPU = Release|Any CPU
	EndGlobalSection
	GlobalSection(ProjectConfigurationPlatforms) = postSolution
		{99E1ECE9-0692-4068-B89D-FD90A0DED4D4}.Debug|Any CPU.ActiveCfg = Debug|Any CPU
		{99E1ECE9-0692-4068-B89D-FD90A0DED4D4}.Debug|Any CPU.Build.0 = Debug|Any CPU
		{99E1ECE9-0692-4068-B89D-FD90A0DED4D4}.Release|Any CPU.ActiveCfg = Release|Any CPU
		{99E1ECE9-0692-4068-B89D-FD90A0DED4D4}.Release|Any CPU.Build.0 = Release|Any CPU
	EndGlobalSection
	GlobalSection(SolutionProperties) = preSolution
		HideSolutionNode = FALSE
	EndGlobalSection
EndGlobal
